
Microsoft Visual Studio Solution File, Format Version 12.00
# Visual Studio Version 17
VisualStudioVersion = 17.10.35122.118
MinimumVisualStudioVersion = 10.0.40219.1
Project("{9A19103F-16F7-4668-BE54-9A1E7A4F7556}") = "OOP", "OOP\OOP.csproj", "{B268A705-E6C9-44D9-BE0E-0B61F1A17005}"
EndProject
Project("{9A19103F-16F7-4668-BE54-9A1E7A4F7556}") = "Agregacao", "Agregacao\Agregacao\Agregacao\Agregacao.csproj", "{3DD4E87E-149E-4251-B64A-4AD8078A1F78}"
EndProject
Global
	GlobalSection(SolutionConfigurationPlatforms) = preSolution
		Debug|Any CPU = Debug|Any CPU
		Release|Any CPU = Release|Any CPU
	EndGlobalSection
	GlobalSection(ProjectConfigurationPlatforms) = postSolution
		{B268A705-E6C9-44D9-BE0E-0B61F1A17005}.Debug|Any CPU.ActiveCfg = Debug|Any CPU
		{B268A705-E6C9-44D9-BE0E-0B61F1A17005}.Debug|Any CPU.Build.0 = Debug|Any CPU
		{B268A705-E6C9-44D9-BE0E-0B61F1A17005}.Release|Any CPU.ActiveCfg = Release|Any CPU
		{B268A705-E6C9-44D9-BE0E-0B61F1A17005}.Release|Any CPU.Build.0 = Release|Any CPU
		{3DD4E87E-149E-4251-B64A-4AD8078A1F78}.Debug|Any CPU.ActiveCfg = Debug|Any CPU
		{3DD4E87E-149E-4251-B64A-4AD8078A1F78}.Debug|Any CPU.Build.0 = Debug|Any CPU
		{3DD4E87E-149E-4251-B64A-4AD8078A1F78}.Release|Any CPU.ActiveCfg = Release|Any CPU
		{3DD4E87E-149E-4251-B64A-4AD8078A1F78}.Release|Any CPU.Build.0 = Release|Any CPU
	EndGlobalSection
	GlobalSection(SolutionProperties) = preSolution
		HideSolutionNode = FALSE
	EndGlobalSection
	GlobalSection(ExtensibilityGlobals) = postSolution
		SolutionGuid = {301FEB64-2326-4B1B-B73D-93180B32E3B2}
	EndGlobalSection
EndGlobal
