
Microsoft Visual Studio Solution File, Format Version 12.00
# Visual Studio Version 17
VisualStudioVersion = 17.10.35122.118
MinimumVisualStudioVersion = 10.0.40219.1
Project("{FAE04EC0-301F-11D3-BF4B-00C04F79EFBC}") = "Agregacao", "Agregacao\Agregacao.csproj", "{FD258DC4-2B9D-4372-A278-92B7BCD31CBB}"
EndProject
Global
	GlobalSection(SolutionConfigurationPlatforms) = preSolution
		Debug|Any CPU = Debug|Any CPU
		Release|Any CPU = Release|Any CPU
	EndGlobalSection
	GlobalSection(ProjectConfigurationPlatforms) = postSolution
		{FD258DC4-2B9D-4372-A278-92B7BCD31CBB}.Debug|Any CPU.ActiveCfg = Debug|Any CPU
		{FD258DC4-2B9D-4372-A278-92B7BCD31CBB}.Debug|Any CPU.Build.0 = Debug|Any CPU
		{FD258DC4-2B9D-4372-A278-92B7BCD31CBB}.Release|Any CPU.ActiveCfg = Release|Any CPU
		{FD258DC4-2B9D-4372-A278-92B7BCD31CBB}.Release|Any CPU.Build.0 = Release|Any CPU
	EndGlobalSection
	GlobalSection(SolutionProperties) = preSolution
		HideSolutionNode = FALSE
	EndGlobalSection
	GlobalSection(ExtensibilityGlobals) = postSolution
		SolutionGuid = {5D29BF12-6F5F-4618-8A43-21555FFEB005}
	EndGlobalSection
EndGlobal
