
Microsoft Visual Studio Solution File, Format Version 12.00
# Visual Studio Version 17
VisualStudioVersion = 17.10.35122.118
MinimumVisualStudioVersion = 10.0.40219.1
Project("{FAE04EC0-301F-11D3-BF4B-00C04F79EFBC}") = "MetodosEAtributosEstaticos", "MetodosEAtributosEstaticos\MetodosEAtributosEstaticos.csproj", "{EB213835-DF67-4359-85CE-9D2DF4F73A0E}"
EndProject
Global
	GlobalSection(SolutionConfigurationPlatforms) = preSolution
		Debug|Any CPU = Debug|Any CPU
		Release|Any CPU = Release|Any CPU
	EndGlobalSection
	GlobalSection(ProjectConfigurationPlatforms) = postSolution
		{EB213835-DF67-4359-85CE-9D2DF4F73A0E}.Debug|Any CPU.ActiveCfg = Debug|Any CPU
		{EB213835-DF67-4359-85CE-9D2DF4F73A0E}.Debug|Any CPU.Build.0 = Debug|Any CPU
		{EB213835-DF67-4359-85CE-9D2DF4F73A0E}.Release|Any CPU.ActiveCfg = Release|Any CPU
		{EB213835-DF67-4359-85CE-9D2DF4F73A0E}.Release|Any CPU.Build.0 = Release|Any CPU
	EndGlobalSection
	GlobalSection(SolutionProperties) = preSolution
		HideSolutionNode = FALSE
	EndGlobalSection
	GlobalSection(ExtensibilityGlobals) = postSolution
		SolutionGuid = {6CE4DA87-CB12-48B7-A6D5-80949A0CD091}
	EndGlobalSection
EndGlobal
