
Microsoft Visual Studio Solution File, Format Version 12.00
# Visual Studio Version 17
VisualStudioVersion = 17.10.35122.118
MinimumVisualStudioVersion = 10.0.40219.1
Project("{FAE04EC0-301F-11D3-BF4B-00C04F79EFBC}") = "CriandoMetodos", "CriandoMetodos\CriandoMetodos.csproj", "{27E9EDCF-65AE-4ED7-B7E3-347FAC558D31}"
EndProject
Global
	GlobalSection(SolutionConfigurationPlatforms) = preSolution
		Debug|Any CPU = Debug|Any CPU
		Release|Any CPU = Release|Any CPU
	EndGlobalSection
	GlobalSection(ProjectConfigurationPlatforms) = postSolution
		{27E9EDCF-65AE-4ED7-B7E3-347FAC558D31}.Debug|Any CPU.ActiveCfg = Debug|Any CPU
		{27E9EDCF-65AE-4ED7-B7E3-347FAC558D31}.Debug|Any CPU.Build.0 = Debug|Any CPU
		{27E9EDCF-65AE-4ED7-B7E3-347FAC558D31}.Release|Any CPU.ActiveCfg = Release|Any CPU
		{27E9EDCF-65AE-4ED7-B7E3-347FAC558D31}.Release|Any CPU.Build.0 = Release|Any CPU
	EndGlobalSection
	GlobalSection(SolutionProperties) = preSolution
		HideSolutionNode = FALSE
	EndGlobalSection
	GlobalSection(ExtensibilityGlobals) = postSolution
		SolutionGuid = {8CC01E78-3DE8-4E89-B540-EBB011C66BC5}
	EndGlobalSection
EndGlobal
